{
  "name": "homebridge-zwave-direct",
  "version": "1.0.0",
  "lockfileVersion": 1,
  "requires": true,
  "dependencies": {
    "@types/node": {
      "version": "8.0.47",
      "resolved": "https://registry.npmjs.org/@types/node/-/node-8.0.47.tgz",
      "integrity": "sha512-kOwL746WVvt/9Phf6/JgX/bsGQvbrK5iUgzyfwZNcKVFcjAUVSpF9HxevLTld2SG9aywYHOILj38arDdY1r/iQ==",
      "dev": true
    },
    "nan": {
      "version": "2.6.2",
      "resolved": "https://registry.npmjs.org/nan/-/nan-2.6.2.tgz",
      "integrity": "sha1-5P805slf37WuzAjeZZb0NgWn20U="
    },
    "openzwave-shared": {
      "version": "1.4.0",
      "resolved": "https://registry.npmjs.org/openzwave-shared/-/openzwave-shared-1.4.0.tgz",
      "integrity": "sha1-PCbLnxkrgT4OvusakxyfO34DoWk=",
      "requires": {
        "nan": "2.6.2"
      }
    }
  }
}
